
Microsoft Visual Studio Solution File, Format Version 12.00
# Visual Studio 15
Project("{FAE04EC0-301F-11D3-BF4B-00C04F79EFBC}") = "amitprakash", "amitprakash\amitprakash.csproj", "{DE470301-053D-4137-9D0C-5BBAD800B62D}"
EndProject
Project("{FAE04EC0-301F-11D3-BF4B-00C04F79EFBC}") = "amitprakash.Test", "amitprakash.Test\amitprakash.Test.csproj", "{6715C0C5-F81F-4CC1-BCD5-36A7BC0FBEDD}"
EndProject
Global
	GlobalSection(SolutionConfigurationPlatforms) = preSolution
		Debug|anycpu = Debug|anycpu
		Release|anycpu = Release|anycpu
	EndGlobalSection
	GlobalSection(ProjectConfigurationPlatforms) = postSolution
		{DE470301-053D-4137-9D0C-5BBAD800B62D}.Debug|anycpu.ActiveCfg = Debug|anycpu
		{DE470301-053D-4137-9D0C-5BBAD800B62D}.Debug|anycpu.Build.0 = Debug|anycpu
		{DE470301-053D-4137-9D0C-5BBAD800B62D}.Release|anycpu.ActiveCfg = Release|anycpu
		{DE470301-053D-4137-9D0C-5BBAD800B62D}.Release|anycpu.Build.0 = Release|anycpu
		{6715C0C5-F81F-4CC1-BCD5-36A7BC0FBEDD}.Debug|anycpu.ActiveCfg = Debug|Any CPU
		{6715C0C5-F81F-4CC1-BCD5-36A7BC0FBEDD}.Debug|anycpu.Build.0 = Debug|Any CPU
		{6715C0C5-F81F-4CC1-BCD5-36A7BC0FBEDD}.Release|anycpu.ActiveCfg = Release|Any CPU
		{6715C0C5-F81F-4CC1-BCD5-36A7BC0FBEDD}.Release|anycpu.Build.0 = Release|Any CPU
	EndGlobalSection
EndGlobal
